{
  "name": "fns-store-interface-v0",
  "version": "0.1.0",
  "lockfileVersion": 3,
  "requires": true,
  "packages": {
    "": {
      "name": "fns-store-interface-v0",
      "version": "0.1.0",
      "dependencies": {
        "fns-v0-validator": "0.1.0"
      },
      "engines": {
        "node": ">=20"
      }
    },
    "node_modules/fns-v0-validator": {
      "version": "0.1.0",
      "resolved": "https://registry.npmjs.org/fns-v0-validator/-/fns-v0-validator-0.1.0.tgz",
      "integrity": "sha512-3uiZJIUz2odab3yONqgCipDpzUxrTIvjHqK1x0snqnMb3qsdm3IjHNGTe3bxzUTcbSgqWtAxwhIPH/RBvSFRpg==",
      "license": "MPL-2.0",
      "bin": {
        "fns-resolve": "bin/fns-resolve.js",
        "fns-validate": "bin/fns-validate.js"
      },
      "engines": {
        "node": ">=20"
      }
    }
  }
}
